
Microsoft Visual Studio Solution File, Format Version 12.00
# Visual Studio 15
VisualStudioVersion = 15.0.27703.2035
MinimumVisualStudioVersion = 10.0.40219.1
Project("{FAE04EC0-301F-11D3-BF4B-00C04F79EFBC}") = "SystemMoniter", "SystemMoniter\SystemMoniter.csproj", "{71FA6A16-E680-4DAF-A4D7-186B584EAF01}"
EndProject
Global
	GlobalSection(SolutionConfigurationPlatforms) = preSolution
		Debug|Any CPU = Debug|Any CPU
		Release|Any CPU = Release|Any CPU
	EndGlobalSection
	GlobalSection(ProjectConfigurationPlatforms) = postSolution
		{71FA6A16-E680-4DAF-A4D7-186B584EAF01}.Debug|Any CPU.ActiveCfg = Debug|Any CPU
		{71FA6A16-E680-4DAF-A4D7-186B584EAF01}.Debug|Any CPU.Build.0 = Debug|Any CPU
		{71FA6A16-E680-4DAF-A4D7-186B584EAF01}.Release|Any CPU.ActiveCfg = Release|Any CPU
		{71FA6A16-E680-4DAF-A4D7-186B584EAF01}.Release|Any CPU.Build.0 = Release|Any CPU
	EndGlobalSection
	GlobalSection(SolutionProperties) = preSolution
		HideSolutionNode = FALSE
	EndGlobalSection
	GlobalSection(ExtensibilityGlobals) = postSolution
		SolutionGuid = {DC50525D-CB41-46C0-9D68-16011339A372}
	EndGlobalSection
EndGlobal
